// !$*UTF8*$!
{
	archiveVersion = 1;
	classes = {
	};
	objectVersion = 46;
	objects = {

/* Begin PBXBuildFile section */
		2B3CAB0982B69F1CA5BBAF4E /* Pods_PayBao.framework in Frameworks */ = {isa = PBXBuildFile; fileRef = 2A4072BD80E331C70E5E27F3 /* Pods_PayBao.framework */; };
		9480D89B1D1A94D4007BD472 /* CSVReader.swift in Sources */ = {isa = PBXBuildFile; fileRef = 9480D89A1D1A94D3007BD472 /* CSVReader.swift */; };
		9486D5171D198F95003949E9 /* AppDelegate.swift in Sources */ = {isa = PBXBuildFile; fileRef = 9486D5161D198F95003949E9 /* AppDelegate.swift */; };
		9486D5191D198F95003949E9 /* ViewController.swift in Sources */ = {isa = PBXBuildFile; fileRef = 9486D5181D198F95003949E9 /* ViewController.swift */; };
		9486D51B1D198F95003949E9 /* Assets.xcassets in Resources */ = {isa = PBXBuildFile; fileRef = 9486D51A1D198F95003949E9 /* Assets.xcassets */; };
		9486D51E1D198F95003949E9 /* Main.storyboard in Resources */ = {isa = PBXBuildFile; fileRef = 9486D51C1D198F95003949E9 /* Main.storyboard */; };
		9486D5291D198F95003949E9 /* ___Tests.swift in Sources */ = {isa = PBXBuildFile; fileRef = 9486D5281D198F95003949E9 /* ___Tests.swift */; };
		9486D5341D198F95003949E9 /* ___UITests.swift in Sources */ = {isa = PBXBuildFile; fileRef = 9486D5331D198F95003949E9 /* ___UITests.swift */; };
/* End PBXBuildFile section */

/* Begin PBXContainerItemProxy section */
		9486D5251D198F95003949E9 /* PBXContainerItemProxy */ = {
			isa = PBXContainerItemProxy;
			containerPortal = 9486D50B1D198F95003949E9 /* Project object */;
			proxyType = 1;
			remoteGlobalIDString = 9486D5121D198F95003949E9;
			remoteInfo = "记账宝";
		};
		9486D5301D198F95003949E9 /* PBXContainerItemProxy */ = {
			isa = PBXContainerItemProxy;
			containerPortal = 9486D50B1D198F95003949E9 /* Project object */;
			proxyType = 1;
			remoteGlobalIDString = 9486D5121D198F95003949E9;
			remoteInfo = "记账宝";
		};
/* End PBXContainerItemProxy section */

/* Begin PBXCopyFilesBuildPhase section */
		9486D5471D19CC3D003949E9 /* Embed Frameworks */ = {
			isa = PBXCopyFilesBuildPhase;
			buildActionMask = 2147483647;
			dstPath = "";
			dstSubfolderSpec = 10;
			files = (
			);
			name = "Embed Frameworks";
			runOnlyForDeploymentPostprocessing = 0;
		};
/* End PBXCopyFilesBuildPhase section */

/* Begin PBXFileReference section */
		2A4072BD80E331C70E5E27F3 /* Pods_PayBao.framework */ = {isa = PBXFileReference; explicitFileType = wrapper.framework; includeInIndex = 0; path = Pods_PayBao.framework; sourceTree = BUILT_PRODUCTS_DIR; };
		5109764EDFC82A276F6BF2E9 /* Pods-PayBao.release.xcconfig */ = {isa = PBXFileReference; includeInIndex = 1; lastKnownFileType = text.xcconfig; name = "Pods-PayBao.release.xcconfig"; path = "Pods/Target Support Files/Pods-PayBao/Pods-PayBao.release.xcconfig"; sourceTree = "<group>"; };
		9480D89A1D1A94D3007BD472 /* CSVReader.swift */ = {isa = PBXFileReference; fileEncoding = 4; lastKnownFileType = sourcecode.swift; path = CSVReader.swift; sourceTree = "<group>"; };
		9486D5131D198F95003949E9 /* PayBao.app */ = {isa = PBXFileReference; explicitFileType = wrapper.application; includeInIndex = 0; path = PayBao.app; sourceTree = BUILT_PRODUCTS_DIR; };
		9486D5161D198F95003949E9 /* AppDelegate.swift */ = {isa = PBXFileReference; lastKnownFileType = sourcecode.swift; path = AppDelegate.swift; sourceTree = "<group>"; };
		9486D5181D198F95003949E9 /* ViewController.swift */ = {isa = PBXFileReference; lastKnownFileType = sourcecode.swift; path = ViewController.swift; sourceTree = "<group>"; };
		9486D51A1D198F95003949E9 /* Assets.xcassets */ = {isa = PBXFileReference; lastKnownFileType = folder.assetcatalog; path = Assets.xcassets; sourceTree = "<group>"; };
		9486D51D1D198F95003949E9 /* Base */ = {isa = PBXFileReference; lastKnownFileType = file.storyboard; name = Base; path = Base.lproj/Main.storyboard; sourceTree = "<group>"; };
		9486D51F1D198F95003949E9 /* Info.plist */ = {isa = PBXFileReference; lastKnownFileType = text.plist.xml; path = Info.plist; sourceTree = "<group>"; };
		9486D5241D198F95003949E9 /* PayBao.xctest */ = {isa = PBXFileReference; explicitFileType = wrapper.cfbundle; includeInIndex = 0; path = PayBao.xctest; sourceTree = BUILT_PRODUCTS_DIR; };
		9486D5281D198F95003949E9 /* ___Tests.swift */ = {isa = PBXFileReference; lastKnownFileType = sourcecode.swift; path = "___Tests.swift"; sourceTree = "<group>"; };
		9486D52A1D198F95003949E9 /* Info.plist */ = {isa = PBXFileReference; lastKnownFileType = text.plist.xml; path = Info.plist; sourceTree = "<group>"; };
		9486D52F1D198F95003949E9 /* PayBao.xctest */ = {isa = PBXFileReference; explicitFileType = wrapper.cfbundle; includeInIndex = 0; path = PayBao.xctest; sourceTree = BUILT_PRODUCTS_DIR; };
		9486D5331D198F95003949E9 /* ___UITests.swift */ = {isa = PBXFileReference; lastKnownFileType = sourcecode.swift; path = "___UITests.swift"; sourceTree = "<group>"; };
		9486D5351D198F95003949E9 /* Info.plist */ = {isa = PBXFileReference; lastKnownFileType = text.plist.xml; path = Info.plist; sourceTree = "<group>"; };
		D0728AA110DE09644B48D0E7 /* Pods-PayBao.debug.xcconfig */ = {isa = PBXFileReference; includeInIndex = 1; lastKnownFileType = text.xcconfig; name = "Pods-PayBao.debug.xcconfig"; path = "Pods/Target Support Files/Pods-PayBao/Pods-PayBao.debug.xcconfig"; sourceTree = "<group>"; };
/* End PBXFileReference section */

/* Begin PBXFrameworksBuildPhase section */
		9486D5101D198F95003949E9 /* Frameworks */ = {
			isa = PBXFrameworksBuildPhase;
			buildActionMask = 2147483647;
			files = (
				2B3CAB0982B69F1CA5BBAF4E /* Pods_PayBao.framework in Frameworks */,
			);
			runOnlyForDeploymentPostprocessing = 0;
		};
		9486D5211D198F95003949E9 /* Frameworks */ = {
			isa = PBXFrameworksBuildPhase;
			buildActionMask = 2147483647;
			files = (
			);
			runOnlyForDeploymentPostprocessing = 0;
		};
		9486D52C1D198F95003949E9 /* Frameworks */ = {
			isa = PBXFrameworksBuildPhase;
			buildActionMask = 2147483647;
			files = (
			);
			runOnlyForDeploymentPostprocessing = 0;
		};
/* End PBXFrameworksBuildPhase section */

/* Begin PBXGroup section */
		1233DE0C07CB4DFFA33F161D /* Frameworks */ = {
			isa = PBXGroup;
			children = (
				2A4072BD80E331C70E5E27F3 /* Pods_PayBao.framework */,
			);
			name = Frameworks;
			sourceTree = "<group>";
		};
		79A89D4E3995C39200213DC2 /* Pods */ = {
			isa = PBXGroup;
			children = (
				D0728AA110DE09644B48D0E7 /* Pods-PayBao.debug.xcconfig */,
				5109764EDFC82A276F6BF2E9 /* Pods-PayBao.release.xcconfig */,
			);
			name = Pods;
			sourceTree = "<group>";
		};
		9486D50A1D198F95003949E9 = {
			isa = PBXGroup;
			children = (
				9486D5151D198F95003949E9 /* PayBao */,
				9486D5271D198F95003949E9 /* 记账宝Tests */,
				9486D5321D198F95003949E9 /* 记账宝UITests */,
				9486D5141D198F95003949E9 /* Products */,
				79A89D4E3995C39200213DC2 /* Pods */,
				1233DE0C07CB4DFFA33F161D /* Frameworks */,
			);
			sourceTree = "<group>";
		};
		9486D5141D198F95003949E9 /* Products */ = {
			isa = PBXGroup;
			children = (
				9486D5131D198F95003949E9 /* PayBao.app */,
				9486D5241D198F95003949E9 /* PayBao.xctest */,
				9486D52F1D198F95003949E9 /* PayBao.xctest */,
			);
			name = Products;
			sourceTree = "<group>";
		};
		9486D5151D198F95003949E9 /* PayBao */ = {
			isa = PBXGroup;
			children = (
				9486D5161D198F95003949E9 /* AppDelegate.swift */,
				9486D5181D198F95003949E9 /* ViewController.swift */,
				9486D51A1D198F95003949E9 /* Assets.xcassets */,
				9486D51C1D198F95003949E9 /* Main.storyboard */,
				9486D51F1D198F95003949E9 /* Info.plist */,
				9480D89A1D1A94D3007BD472 /* CSVReader.swift */,
			);
			name = PayBao;
			path = "记账宝";
			sourceTree = "<group>";
		};
		9486D5271D198F95003949E9 /* 记账宝Tests */ = {
			isa = PBXGroup;
			children = (
				9486D5281D198F95003949E9 /* ___Tests.swift */,
				9486D52A1D198F95003949E9 /* Info.plist */,
			);
			path = "记账宝Tests";
			sourceTree = "<group>";
		};
		9486D5321D198F95003949E9 /* 记账宝UITests */ = {
			isa = PBXGroup;
			children = (
				9486D5331D198F95003949E9 /* ___UITests.swift */,
				9486D5351D198F95003949E9 /* Info.plist */,
			);
			path = "记账宝UITests";
			sourceTree = "<group>";
		};
/* End PBXGroup section */

/* Begin PBXNativeTarget section */
		9486D5121D198F95003949E9 /* PayBao */ = {
			isa = PBXNativeTarget;
			buildConfigurationList = 9486D5381D198F95003949E9 /* Build configuration list for PBXNativeTarget "PayBao" */;
			buildPhases = (
				E236B5AD11DE60980B00DD13 /* [CP] Check Pods Manifest.lock */,
				9486D50F1D198F95003949E9 /* Sources */,
				9486D5101D198F95003949E9 /* Frameworks */,
				9486D5111D198F95003949E9 /* Resources */,
				9486D5471D19CC3D003949E9 /* Embed Frameworks */,
				5EB16328BEEB48FE5F222279 /* [CP] Embed Pods Frameworks */,
				B7224A4671A7B582DD9016A7 /* [CP] Copy Pods Resources */,
			);
			buildRules = (
			);
			dependencies = (
			);
			name = PayBao;
			productName = "记账宝";
			productReference = 9486D5131D198F95003949E9 /* PayBao.app */;
			productType = "com.apple.product-type.application";
		};
		9486D5231D198F95003949E9 /* PayBaoTests */ = {
			isa = PBXNativeTarget;
			buildConfigurationList = 9486D53B1D198F95003949E9 /* Build configuration list for PBXNativeTarget "PayBaoTests" */;
			buildPhases = (
				9486D5201D198F95003949E9 /* Sources */,
				9486D5211D198F95003949E9 /* Frameworks */,
				9486D5221D198F95003949E9 /* Resources */,
			);
			buildRules = (
			);
			dependencies = (
				9486D5261D198F95003949E9 /* PBXTargetDependency */,
			);
			name = PayBaoTests;
			productName = "记账宝Tests";
			productReference = 9486D5241D198F95003949E9 /* PayBao.xctest */;
			productType = "com.apple.product-type.bundle.unit-test";
		};
		9486D52E1D198F95003949E9 /* PayBaoUITests */ = {
			isa = PBXNativeTarget;
			buildConfigurationList = 9486D53E1D198F95003949E9 /* Build configuration list for PBXNativeTarget "PayBaoUITests" */;
			buildPhases = (
				9486D52B1D198F95003949E9 /* Sources */,
				9486D52C1D198F95003949E9 /* Frameworks */,
				9486D52D1D198F95003949E9 /* Resources */,
			);
			buildRules = (
			);
			dependencies = (
				9486D5311D198F95003949E9 /* PBXTargetDependency */,
			);
			name = PayBaoUITests;
			productName = "记账宝UITests";
			productReference = 9486D52F1D198F95003949E9 /* PayBao.xctest */;
			productType = "com.apple.product-type.bundle.ui-testing";
		};
/* End PBXNativeTarget section */

/* Begin PBXProject section */
		9486D50B1D198F95003949E9 /* Project object */ = {
			isa = PBXProject;
			attributes = {
				LastSwiftUpdateCheck = 0730;
				LastUpgradeCheck = 0730;
				ORGANIZATIONNAME = Senchan;
				TargetAttributes = {
					9486D5121D198F95003949E9 = {
						CreatedOnToolsVersion = 7.3.1;
						DevelopmentTeam = DR2L92W74S;
					};
					9486D5231D198F95003949E9 = {
						CreatedOnToolsVersion = 7.3.1;
						TestTargetID = 9486D5121D198F95003949E9;
					};
					9486D52E1D198F95003949E9 = {
						CreatedOnToolsVersion = 7.3.1;
						TestTargetID = 9486D5121D198F95003949E9;
					};
				};
			};
			buildConfigurationList = 9486D50E1D198F95003949E9 /* Build configuration list for PBXProject "PayBao" */;
			compatibilityVersion = "Xcode 3.2";
			developmentRegion = English;
			hasScannedForEncodings = 0;
			knownRegions = (
				en,
				Base,
			);
			mainGroup = 9486D50A1D198F95003949E9;
			productRefGroup = 9486D5141D198F95003949E9 /* Products */;
			projectDirPath = "";
			projectRoot = "";
			targets = (
				9486D5121D198F95003949E9 /* PayBao */,
				9486D5231D198F95003949E9 /* PayBaoTests */,
				9486D52E1D198F95003949E9 /* PayBaoUITests */,
			);
		};
/* End PBXProject section */

/* Begin PBXResourcesBuildPhase section */
		9486D5111D198F95003949E9 /* Resources */ = {
			isa = PBXResourcesBuildPhase;
			buildActionMask = 2147483647;
			files = (
				9486D51B1D198F95003949E9 /* Assets.xcassets in Resources */,
				9486D51E1D198F95003949E9 /* Main.storyboard in Resources */,
			);
			runOnlyForDeploymentPostprocessing = 0;
		};
		9486D5221D198F95003949E9 /* Resources */ = {
			isa = PBXResourcesBuildPhase;
			buildActionMask = 2147483647;
			files = (
			);
			runOnlyForDeploymentPostprocessing = 0;
		};
		9486D52D1D198F95003949E9 /* Resources */ = {
			isa = PBXResourcesBuildPhase;
			buildActionMask = 2147483647;
			files = (
			);
			runOnlyForDeploymentPostprocessing = 0;
		};
/* End PBXResourcesBuildPhase section */

/* Begin PBXShellScriptBuildPhase section */
		5EB16328BEEB48FE5F222279 /* [CP] Embed Pods Frameworks */ = {
			isa = PBXShellScriptBuildPhase;
			buildActionMask = 2147483647;
			files = (
			);
			inputPaths = (
			);
			name = "[CP] Embed Pods Frameworks";
			outputPaths = (
			);
			runOnlyForDeploymentPostprocessing = 0;
			shellPath = /bin/sh;
			shellScript = "\"${SRCROOT}/Pods/Target Support Files/Pods-PayBao/Pods-PayBao-frameworks.sh\"\n";
			showEnvVarsInLog = 0;
		};
		B7224A4671A7B582DD9016A7 /* [CP] Copy Pods Resources */ = {
			isa = PBXShellScriptBuildPhase;
			buildActionMask = 2147483647;
			files = (
			);
			inputPaths = (
			);
			name = "[CP] Copy Pods Resources";
			outputPaths = (
			);
			runOnlyForDeploymentPostprocessing = 0;
			shellPath = /bin/sh;
			shellScript = "\"${SRCROOT}/Pods/Target Support Files/Pods-PayBao/Pods-PayBao-resources.sh\"\n";
			showEnvVarsInLog = 0;
		};
		E236B5AD11DE60980B00DD13 /* [CP] Check Pods Manifest.lock */ = {
			isa = PBXShellScriptBuildPhase;
			buildActionMask = 2147483647;
			files = (
			);
			inputPaths = (
			);
			name = "[CP] Check Pods Manifest.lock";
			outputPaths = (
			);
			runOnlyForDeploymentPostprocessing = 0;
			shellPath = /bin/sh;
			shellScript = "diff \"${PODS_ROOT}/../Podfile.lock\" \"${PODS_ROOT}/Manifest.lock\" > /dev/null\nif [[ $? != 0 ]] ; then\n    cat << EOM\nerror: The sandbox is not in sync with the Podfile.lock. Run 'pod install' or update your CocoaPods installation.\nEOM\n    exit 1\nfi\n";
			showEnvVarsInLog = 0;
		};
/* End PBXShellScriptBuildPhase section */

/* Begin PBXSourcesBuildPhase section */
		9486D50F1D198F95003949E9 /* Sources */ = {
			isa = PBXSourcesBuildPhase;
			buildActionMask = 2147483647;
			files = (
				9486D5191D198F95003949E9 /* ViewController.swift in Sources */,
				9486D5171D198F95003949E9 /* AppDelegate.swift in Sources */,
				9480D89B1D1A94D4007BD472 /* CSVReader.swift in Sources */,
			);
			runOnlyForDeploymentPostprocessing = 0;
		};
		9486D5201D198F95003949E9 /* Sources */ = {
			isa = PBXSourcesBuildPhase;
			buildActionMask = 2147483647;
			files = (
				9486D5291D198F95003949E9 /* ___Tests.swift in Sources */,
			);
			runOnlyForDeploymentPostprocessing = 0;
		};
		9486D52B1D198F95003949E9 /* Sources */ = {
			isa = PBXSourcesBuildPhase;
			buildActionMask = 2147483647;
			files = (
				9486D5341D198F95003949E9 /* ___UITests.swift in Sources */,
			);
			runOnlyForDeploymentPostprocessing = 0;
		};
/* End PBXSourcesBuildPhase section */

/* Begin PBXTargetDependency section */
		9486D5261D198F95003949E9 /* PBXTargetDependency */ = {
			isa = PBXTargetDependency;
			target = 9486D5121D198F95003949E9 /* PayBao */;
			targetProxy = 9486D5251D198F95003949E9 /* PBXContainerItemProxy */;
		};
		9486D5311D198F95003949E9 /* PBXTargetDependency */ = {
			isa = PBXTargetDependency;
			target = 9486D5121D198F95003949E9 /* PayBao */;
			targetProxy = 9486D5301D198F95003949E9 /* PBXContainerItemProxy */;
		};
/* End PBXTargetDependency section */

/* Begin PBXVariantGroup section */
		9486D51C1D198F95003949E9 /* Main.storyboard */ = {
			isa = PBXVariantGroup;
			children = (
				9486D51D1D198F95003949E9 /* Base */,
			);
			name = Main.storyboard;
			sourceTree = "<group>";
		};
/* End PBXVariantGroup section */

/* Begin XCBuildConfiguration section */
		9486D5361D198F95003949E9 /* Debug */ = {
			isa = XCBuildConfiguration;
			buildSettings = {
				ALWAYS_SEARCH_USER_PATHS = NO;
				CLANG_ANALYZER_NONNULL = YES;
				CLANG_CXX_LANGUAGE_STANDARD = "gnu++0x";
				CLANG_CXX_LIBRARY = "libc++";
				CLANG_ENABLE_MODULES = YES;
				CLANG_ENABLE_OBJC_ARC = YES;
				CLANG_WARN_BOOL_CONVERSION = YES;
				CLANG_WARN_CONSTANT_CONVERSION = YES;
				CLANG_WARN_DIRECT_OBJC_ISA_USAGE = YES_ERROR;
				CLANG_WARN_EMPTY_BODY = YES;
				CLANG_WARN_ENUM_CONVERSION = YES;
				CLANG_WARN_INT_CONVERSION = YES;
				CLANG_WARN_OBJC_ROOT_CLASS = YES_ERROR;
				CLANG_WARN_UNREACHABLE_CODE = YES;
				CLANG_WARN__DUPLICATE_METHOD_MATCH = YES;
				CODE_SIGN_IDENTITY = "-";
				COPY_PHASE_STRIP = NO;
				DEBUG_INFORMATION_FORMAT = dwarf;
				ENABLE_STRICT_OBJC_MSGSEND = YES;
				ENABLE_TESTABILITY = YES;
				GCC_C_LANGUAGE_STANDARD = gnu99;
				GCC_DYNAMIC_NO_PIC = NO;
				GCC_NO_COMMON_BLOCKS = YES;
				GCC_OPTIMIZATION_LEVEL = 0;
				GCC_PREPROCESSOR_DEFINITIONS = (
					"DEBUG=1",
					"$(inherited)",
				);
				GCC_WARN_64_TO_32_BIT_CONVERSION = YES;
				GCC_WARN_ABOUT_RETURN_TYPE = YES_ERROR;
				GCC_WARN_UNDECLARED_SELECTOR = YES;
				GCC_WARN_UNINITIALIZED_AUTOS = YES_AGGRESSIVE;
				GCC_WARN_UNUSED_FUNCTION = YES;
				GCC_WARN_UNUSED_VARIABLE = YES;
				MACOSX_DEPLOYMENT_TARGET = 10.11;
				MTL_ENABLE_DEBUG_INFO = YES;
				ONLY_ACTIVE_ARCH = YES;
				SDKROOT = macosx;
				SWIFT_OPTIMIZATION_LEVEL = "-Onone";
			};
			name = Debug;
		};
		9486D5371D198F95003949E9 /* Release */ = {
			isa = XCBuildConfiguration;
			buildSettings = {
				ALWAYS_SEARCH_USER_PATHS = NO;
				CLANG_ANALYZER_NONNULL = YES;
				CLANG_CXX_LANGUAGE_STANDARD = "gnu++0x";
				CLANG_CXX_LIBRARY = "libc++";
				CLANG_ENABLE_MODULES = YES;
				CLANG_ENABLE_OBJC_ARC = YES;
				CLANG_WARN_BOOL_CONVERSION = YES;
				CLANG_WARN_CONSTANT_CONVERSION = YES;
				CLANG_WARN_DIRECT_OBJC_ISA_USAGE = YES_ERROR;
				CLANG_WARN_EMPTY_BODY = YES;
				CLANG_WARN_ENUM_CONVERSION = YES;
				CLANG_WARN_INT_CONVERSION = YES;
				CLANG_WARN_OBJC_ROOT_CLASS = YES_ERROR;
				CLANG_WARN_UNREACHABLE_CODE = YES;
				CLANG_WARN__DUPLICATE_METHOD_MATCH = YES;
				CODE_SIGN_IDENTITY = "-";
				COPY_PHASE_STRIP = NO;
				DEBUG_INFORMATION_FORMAT = "dwarf-with-dsym";
				ENABLE_NS_ASSERTIONS = NO;
				ENABLE_STRICT_OBJC_MSGSEND = YES;
				GCC_C_LANGUAGE_STANDARD = gnu99;
				GCC_NO_COMMON_BLOCKS = YES;
				GCC_WARN_64_TO_32_BIT_CONVERSION = YES;
				GCC_WARN_ABOUT_RETURN_TYPE = YES_ERROR;
				GCC_WARN_UNDECLARED_SELECTOR = YES;
				GCC_WARN_UNINITIALIZED_AUTOS = YES_AGGRESSIVE;
				GCC_WARN_UNUSED_FUNCTION = YES;
				GCC_WARN_UNUSED_VARIABLE = YES;
				MACOSX_DEPLOYMENT_TARGET = 10.11;
				MTL_ENABLE_DEBUG_INFO = NO;
				SDKROOT = macosx;
			};
			name = Release;
		};
		9486D5391D198F95003949E9 /* Debug */ = {
			isa = XCBuildConfiguration;
			baseConfigurationReference = D0728AA110DE09644B48D0E7 /* Pods-PayBao.debug.xcconfig */;
			buildSettings = {
				ASSETCATALOG_COMPILER_APPICON_NAME = AppIcon;
				CODE_SIGN_IDENTITY = "Mac Developer";
				"CODE_SIGN_IDENTITY[sdk=macosx*]" = "Mac Developer";
				COMBINE_HIDPI_IMAGES = YES;
				FRAMEWORK_SEARCH_PATHS = (
					"$(inherited)",
					"$(PROJECT_DIR)/**",
				);
				INFOPLIST_FILE = "记账宝/Info.plist";
				LD_RUNPATH_SEARCH_PATHS = "$(inherited) @executable_path/../Frameworks";
				PRODUCT_BUNDLE_IDENTIFIER = "com.miumiu.mac.---";
				PRODUCT_NAME = PayBao;
				PROVISIONING_PROFILE = "";
			};
			name = Debug;
		};
		9486D53A1D198F95003949E9 /* Release */ = {
			isa = XCBuildConfiguration;
			baseConfigurationReference = 5109764EDFC82A276F6BF2E9 /* Pods-PayBao.release.xcconfig */;
			buildSettings = {
				ASSETCATALOG_COMPILER_APPICON_NAME = AppIcon;
				CODE_SIGN_IDENTITY = "Mac Developer";
				"CODE_SIGN_IDENTITY[sdk=macosx*]" = "Mac Developer";
				COMBINE_HIDPI_IMAGES = YES;
				FRAMEWORK_SEARCH_PATHS = (
					"$(inherited)",
					"$(PROJECT_DIR)/**",
				);
				INFOPLIST_FILE = "记账宝/Info.plist";
				LD_RUNPATH_SEARCH_PATHS = "$(inherited) @executable_path/../Frameworks";
				PRODUCT_BUNDLE_IDENTIFIER = "com.miumiu.mac.---";
				PRODUCT_NAME = PayBao;
				PROVISIONING_PROFILE = "";
			};
			name = Release;
		};
		9486D53C1D198F95003949E9 /* Debug */ = {
			isa = XCBuildConfiguration;
			buildSettings = {
				BUNDLE_LOADER = "$(TEST_HOST)";
				COMBINE_HIDPI_IMAGES = YES;
				INFOPLIST_FILE = "记账宝Tests/Info.plist";
				LD_RUNPATH_SEARCH_PATHS = "$(inherited) @executable_path/../Frameworks @loader_path/../Frameworks";
				PRODUCT_BUNDLE_IDENTIFIER = "com.miumiu.mac.---Tests";
				PRODUCT_NAME = PayBao;
				TEST_HOST = "$(BUILT_PRODUCTS_DIR)/PayBao.app/Contents/MacOS/PayBao";
			};
			name = Debug;
		};
		9486D53D1D198F95003949E9 /* Release */ = {
			isa = XCBuildConfiguration;
			buildSettings = {
				BUNDLE_LOADER = "$(TEST_HOST)";
				COMBINE_HIDPI_IMAGES = YES;
				INFOPLIST_FILE = "记账宝Tests/Info.plist";
				LD_RUNPATH_SEARCH_PATHS = "$(inherited) @executable_path/../Frameworks @loader_path/../Frameworks";
				PRODUCT_BUNDLE_IDENTIFIER = "com.miumiu.mac.---Tests";
				PRODUCT_NAME = PayBao;
				TEST_HOST = "$(BUILT_PRODUCTS_DIR)/PayBao.app/Contents/MacOS/PayBao";
			};
			name = Release;
		};
		9486D53F1D198F95003949E9 /* Debug */ = {
			isa = XCBuildConfiguration;
			buildSettings = {
				COMBINE_HIDPI_IMAGES = YES;
				INFOPLIST_FILE = "记账宝UITests/Info.plist";
				LD_RUNPATH_SEARCH_PATHS = "$(inherited) @executable_path/../Frameworks @loader_path/../Frameworks";
				PRODUCT_BUNDLE_IDENTIFIER = "com.miumiu.mac.---UITests";
				PRODUCT_NAME = PayBao;
				TEST_TARGET_NAME = "记账宝";
			};
			name = Debug;
		};
		9486D5401D198F95003949E9 /* Release */ = {
			isa = XCBuildConfiguration;
			buildSettings = {
				COMBINE_HIDPI_IMAGES = YES;
				INFOPLIST_FILE = "记账宝UITests/Info.plist";
				LD_RUNPATH_SEARCH_PATHS = "$(inherited) @executable_path/../Frameworks @loader_path/../Frameworks";
				PRODUCT_BUNDLE_IDENTIFIER = "com.miumiu.mac.---UITests";
				PRODUCT_NAME = PayBao;
				TEST_TARGET_NAME = "记账宝";
			};
			name = Release;
		};
/* End XCBuildConfiguration section */

/* Begin XCConfigurationList section */
		9486D50E1D198F95003949E9 /* Build configuration list for PBXProject "PayBao" */ = {
			isa = XCConfigurationList;
			buildConfigurations = (
				9486D5361D198F95003949E9 /* Debug */,
				9486D5371D198F95003949E9 /* Release */,
			);
			defaultConfigurationIsVisible = 0;
			defaultConfigurationName = Release;
		};
		9486D5381D198F95003949E9 /* Build configuration list for PBXNativeTarget "PayBao" */ = {
			isa = XCConfigurationList;
			buildConfigurations = (
				9486D5391D198F95003949E9 /* Debug */,
				9486D53A1D198F95003949E9 /* Release */,
			);
			defaultConfigurationIsVisible = 0;
			defaultConfigurationName = Release;
		};
		9486D53B1D198F95003949E9 /* Build configuration list for PBXNativeTarget "PayBaoTests" */ = {
			isa = XCConfigurationList;
			buildConfigurations = (
				9486D53C1D198F95003949E9 /* Debug */,
				9486D53D1D198F95003949E9 /* Release */,
			);
			defaultConfigurationIsVisible = 0;
			defaultConfigurationName = Release;
		};
		9486D53E1D198F95003949E9 /* Build configuration list for PBXNativeTarget "PayBaoUITests" */ = {
			isa = XCConfigurationList;
			buildConfigurations = (
				9486D53F1D198F95003949E9 /* Debug */,
				9486D5401D198F95003949E9 /* Release */,
			);
			defaultConfigurationIsVisible = 0;
			defaultConfigurationName = Release;
		};
/* End XCConfigurationList section */
	};
	rootObject = 9486D50B1D198F95003949E9 /* Project object */;
}
